
Microsoft Visual Studio Solution File, Format Version 12.00
# Visual Studio Version 16
VisualStudioVersion = 16.0.31112.23
MinimumVisualStudioVersion = 10.0.40219.1
Project("{FAE04EC0-301F-11D3-BF4B-00C04F79EFBC}") = "ControlEmpleados", "ControlEmpleados.csproj", "{04956E5C-8973-41C3-A4FD-6B50B3E2777F}"
EndProject
Global
	GlobalSection(SolutionConfigurationPlatforms) = preSolution
		Debug|Any CPU = Debug|Any CPU
		Release|Any CPU = Release|Any CPU
	EndGlobalSection
	GlobalSection(ProjectConfigurationPlatforms) = postSolution
		{04956E5C-8973-41C3-A4FD-6B50B3E2777F}.Debug|Any CPU.ActiveCfg = Debug|Any CPU
		{04956E5C-8973-41C3-A4FD-6B50B3E2777F}.Debug|Any CPU.Build.0 = Debug|Any CPU
		{04956E5C-8973-41C3-A4FD-6B50B3E2777F}.Release|Any CPU.ActiveCfg = Release|Any CPU
		{04956E5C-8973-41C3-A4FD-6B50B3E2777F}.Release|Any CPU.Build.0 = Release|Any CPU
	EndGlobalSection
	GlobalSection(SolutionProperties) = preSolution
		HideSolutionNode = FALSE
	EndGlobalSection
	GlobalSection(ExtensibilityGlobals) = postSolution
		SolutionGuid = {C52CA03E-389E-44D9-A3B7-53FDA20BCF17}
	EndGlobalSection
EndGlobal
